
Microsoft Visual Studio Solution File, Format Version 12.00
# Visual Studio Version 17
VisualStudioVersion = 17.14.36301.6 d17.14
MinimumVisualStudioVersion = 10.0.40219.1
Project("{FAE04EC0-301F-11D3-BF4B-00C04F79EFBC}") = "CaloryfiAPI", "CaloryfiAPI\CaloryfiAPI.csproj", "{DB0F190F-669C-40E5-A2F2-4A4629DFF70D}"
EndProject
Global
	GlobalSection(SolutionConfigurationPlatforms) = preSolution
		Debug|Any CPU = Debug|Any CPU
		Release|Any CPU = Release|Any CPU
	EndGlobalSection
	GlobalSection(ProjectConfigurationPlatforms) = postSolution
		{DB0F190F-669C-40E5-A2F2-4A4629DFF70D}.Debug|Any CPU.ActiveCfg = Debug|Any CPU
		{DB0F190F-669C-40E5-A2F2-4A4629DFF70D}.Debug|Any CPU.Build.0 = Debug|Any CPU
		{DB0F190F-669C-40E5-A2F2-4A4629DFF70D}.Release|Any CPU.ActiveCfg = Release|Any CPU
		{DB0F190F-669C-40E5-A2F2-4A4629DFF70D}.Release|Any CPU.Build.0 = Release|Any CPU
	EndGlobalSection
	GlobalSection(SolutionProperties) = preSolution
		HideSolutionNode = FALSE
	EndGlobalSection
	GlobalSection(ExtensibilityGlobals) = postSolution
		SolutionGuid = {A621AF64-60D9-4A06-9420-BD602D3581AE}
	EndGlobalSection
EndGlobal
